
Microsoft Visual Studio Solution File, Format Version 12.00
# Visual Studio 14
VisualStudioVersion = 14.0.23107.0
MinimumVisualStudioVersion = 10.0.40219.1
Project("{FAE04EC0-301F-11D3-BF4B-00C04F79EFBC}") = "Xaye.Fred", "Xaye.Fred\Xaye.Fred.csproj", "{AF46A632-9F90-4B58-B85F-3E40121F4539}"
EndProject
Project("{FAE04EC0-301F-11D3-BF4B-00C04F79EFBC}") = "Xaye.Fred.Portable", "Xaye.Fred.Portable\Xaye.Fred.Portable.csproj", "{655FAB55-F222-44C5-85C3-1F85D118B602}"
EndProject
Global
	GlobalSection(SolutionConfigurationPlatforms) = preSolution
		Debug|Any CPU = Debug|Any CPU
		Debug|ARM = Debug|ARM
		Debug|Mixed Platforms = Debug|Mixed Platforms
		Debug|x64 = Debug|x64
		Debug|x86 = Debug|x86
		Release|Any CPU = Release|Any CPU
		Release|ARM = Release|ARM
		Release|Mixed Platforms = Release|Mixed Platforms
		Release|x64 = Release|x64
		Release|x86 = Release|x86
	EndGlobalSection
	GlobalSection(ProjectConfigurationPlatforms) = postSolution
		{AF46A632-9F90-4B58-B85F-3E40121F4539}.Debug|Any CPU.ActiveCfg = Debug|Any CPU
		{AF46A632-9F90-4B58-B85F-3E40121F4539}.Debug|Any CPU.Build.0 = Debug|Any CPU
		{AF46A632-9F90-4B58-B85F-3E40121F4539}.Debug|ARM.ActiveCfg = Debug|Any CPU
		{AF46A632-9F90-4B58-B85F-3E40121F4539}.Debug|Mixed Platforms.ActiveCfg = Debug|Any CPU
		{AF46A632-9F90-4B58-B85F-3E40121F4539}.Debug|Mixed Platforms.Build.0 = Debug|Any CPU
		{AF46A632-9F90-4B58-B85F-3E40121F4539}.Debug|x64.ActiveCfg = Debug|Any CPU
		{AF46A632-9F90-4B58-B85F-3E40121F4539}.Debug|x86.ActiveCfg = Debug|Any CPU
		{AF46A632-9F90-4B58-B85F-3E40121F4539}.Release|Any CPU.ActiveCfg = Release|Any CPU
		{AF46A632-9F90-4B58-B85F-3E40121F4539}.Release|Any CPU.Build.0 = Release|Any CPU
		{AF46A632-9F90-4B58-B85F-3E40121F4539}.Release|ARM.ActiveCfg = Release|Any CPU
		{AF46A632-9F90-4B58-B85F-3E40121F4539}.Release|Mixed Platforms.ActiveCfg = Release|Any CPU
		{AF46A632-9F90-4B58-B85F-3E40121F4539}.Release|Mixed Platforms.Build.0 = Release|Any CPU
		{AF46A632-9F90-4B58-B85F-3E40121F4539}.Release|x64.ActiveCfg = Release|Any CPU
		{AF46A632-9F90-4B58-B85F-3E40121F4539}.Release|x86.ActiveCfg = Release|Any CPU
		{655FAB55-F222-44C5-85C3-1F85D118B602}.Debug|Any CPU.ActiveCfg = Debug|Any CPU
		{655FAB55-F222-44C5-85C3-1F85D118B602}.Debug|Any CPU.Build.0 = Debug|Any CPU
		{655FAB55-F222-44C5-85C3-1F85D118B602}.Debug|ARM.ActiveCfg = Debug|Any CPU
		{655FAB55-F222-44C5-85C3-1F85D118B602}.Debug|ARM.Build.0 = Debug|Any CPU
		{655FAB55-F222-44C5-85C3-1F85D118B602}.Debug|Mixed Platforms.ActiveCfg = Debug|Any CPU
		{655FAB55-F222-44C5-85C3-1F85D118B602}.Debug|Mixed Platforms.Build.0 = Debug|Any CPU
		{655FAB55-F222-44C5-85C3-1F85D118B602}.Debug|x64.ActiveCfg = Debug|Any CPU
		{655FAB55-F222-44C5-85C3-1F85D118B602}.Debug|x64.Build.0 = Debug|Any CPU
		{655FAB55-F222-44C5-85C3-1F85D118B602}.Debug|x86.ActiveCfg = Debug|Any CPU
		{655FAB55-F222-44C5-85C3-1F85D118B602}.Debug|x86.Build.0 = Debug|Any CPU
		{655FAB55-F222-44C5-85C3-1F85D118B602}.Release|Any CPU.ActiveCfg = Release|Any CPU
		{655FAB55-F222-44C5-85C3-1F85D118B602}.Release|Any CPU.Build.0 = Release|Any CPU
		{655FAB55-F222-44C5-85C3-1F85D118B602}.Release|ARM.ActiveCfg = Release|Any CPU
		{655FAB55-F222-44C5-85C3-1F85D118B602}.Release|ARM.Build.0 = Release|Any CPU
		{655FAB55-F222-44C5-85C3-1F85D118B602}.Release|Mixed Platforms.ActiveCfg = Release|Any CPU
		{655FAB55-F222-44C5-85C3-1F85D118B602}.Release|Mixed Platforms.Build.0 = Release|Any CPU
		{655FAB55-F222-44C5-85C3-1F85D118B602}.Release|x64.ActiveCfg = Release|Any CPU
		{655FAB55-F222-44C5-85C3-1F85D118B602}.Release|x64.Build.0 = Release|Any CPU
		{655FAB55-F222-44C5-85C3-1F85D118B602}.Release|x86.ActiveCfg = Release|Any CPU
		{655FAB55-F222-44C5-85C3-1F85D118B602}.Release|x86.Build.0 = Release|Any CPU
	EndGlobalSection
	GlobalSection(SolutionProperties) = preSolution
		HideSolutionNode = FALSE
	EndGlobalSection
	GlobalSection(ExtensibilityGlobals) = postSolution
		BuildVersion_BuildVersioningStyle = YearStamp.MonthStamp.DayStamp.Increment
		BuildVersion_BuildAction = ReBuild
	EndGlobalSection
EndGlobal
